
Microsoft Visual Studio Solution File, Format Version 12.00
# Visual Studio Version 17
VisualStudioVersion = 17.3.32929.385
MinimumVisualStudioVersion = 10.0.40219.1
Project("{FAE04EC0-301F-11D3-BF4B-00C04F79EFBC}") = "Candy Store", "Candy Store.csproj", "{A1E3A92F-E90C-431A-A4F1-47B2CD2E9779}"
EndProject
Global
	GlobalSection(SolutionConfigurationPlatforms) = preSolution
		Debug|Any CPU = Debug|Any CPU
		Release|Any CPU = Release|Any CPU
	EndGlobalSection
	GlobalSection(ProjectConfigurationPlatforms) = postSolution
		{A1E3A92F-E90C-431A-A4F1-47B2CD2E9779}.Debug|Any CPU.ActiveCfg = Debug|Any CPU
		{A1E3A92F-E90C-431A-A4F1-47B2CD2E9779}.Debug|Any CPU.Build.0 = Debug|Any CPU
		{A1E3A92F-E90C-431A-A4F1-47B2CD2E9779}.Release|Any CPU.ActiveCfg = Release|Any CPU
		{A1E3A92F-E90C-431A-A4F1-47B2CD2E9779}.Release|Any CPU.Build.0 = Release|Any CPU
	EndGlobalSection
	GlobalSection(SolutionProperties) = preSolution
		HideSolutionNode = FALSE
	EndGlobalSection
	GlobalSection(ExtensibilityGlobals) = postSolution
		SolutionGuid = {B713A428-5239-4B0C-8123-BA11512A1513}
	EndGlobalSection
EndGlobal
